// !$*UTF8*$!
{
	archiveVersion = 1;
	classes = {
	};
	objectVersion = 56;
	objects = {

/* Begin PBXBuildFile section */
		037CBC62E1988920FB5818F7 /* Pods_MeMind.framework in Frameworks */ = {isa = PBXBuildFile; fileRef = 0298E73259D6374CD3CC018C /* Pods_MeMind.framework */; };
		589C243BD4361A9F711C7764 /* Pods_MeMind_MeMindUITests.framework in Frameworks */ = {isa = PBXBuildFile; fileRef = DE99834AB31D52270BA944F3 /* Pods_MeMind_MeMindUITests.framework */; };
		667315FB29AA0FE800E050CC /* Alegreya-VariableFont_wght.ttf in Resources */ = {isa = PBXBuildFile; fileRef = 667315FA29AA0FE800E050CC /* Alegreya-VariableFont_wght.ttf */; };
		667315FD29AA184000E050CC /* Montserrat-VariableFont_wght.ttf in Resources */ = {isa = PBXBuildFile; fileRef = 667315FC29AA184000E050CC /* Montserrat-VariableFont_wght.ttf */; };
		6679143329A577B100188FF4 /* MeMindApp.swift in Sources */ = {isa = PBXBuildFile; fileRef = 6679143229A577B100188FF4 /* MeMindApp.swift */; };
		6679143729A577B200188FF4 /* Assets.xcassets in Resources */ = {isa = PBXBuildFile; fileRef = 6679143629A577B200188FF4 /* Assets.xcassets */; };
		6679143A29A577B200188FF4 /* Preview Assets.xcassets in Resources */ = {isa = PBXBuildFile; fileRef = 6679143929A577B200188FF4 /* Preview Assets.xcassets */; };
		6679144429A577B200188FF4 /* MeMindTests.swift in Sources */ = {isa = PBXBuildFile; fileRef = 6679144329A577B200188FF4 /* MeMindTests.swift */; };
		6679144E29A577B200188FF4 /* MeMindUITests.swift in Sources */ = {isa = PBXBuildFile; fileRef = 6679144D29A577B200188FF4 /* MeMindUITests.swift */; };
		6679145029A577B200188FF4 /* MeMindUITestsLaunchTests.swift in Sources */ = {isa = PBXBuildFile; fileRef = 6679144F29A577B200188FF4 /* MeMindUITestsLaunchTests.swift */; };
		6679146129A5B62100188FF4 /* RecommendedActivitiesView.swift in Sources */ = {isa = PBXBuildFile; fileRef = 6679146029A5B62100188FF4 /* RecommendedActivitiesView.swift */; };
		6679146329A5B7C600188FF4 /* MoodTrackerView.swift in Sources */ = {isa = PBXBuildFile; fileRef = 6679146229A5B7C600188FF4 /* MoodTrackerView.swift */; };
		6679146529A5B7D200188FF4 /* MindfulnessView.swift in Sources */ = {isa = PBXBuildFile; fileRef = 6679146429A5B7D200188FF4 /* MindfulnessView.swift */; };
		6679146729A5B7DD00188FF4 /* UserProfileView.swift in Sources */ = {isa = PBXBuildFile; fileRef = 6679146629A5B7DD00188FF4 /* UserProfileView.swift */; };
		6679146929A5B9E100188FF4 /* RecommendedActivityView.swift in Sources */ = {isa = PBXBuildFile; fileRef = 6679146829A5B9E100188FF4 /* RecommendedActivityView.swift */; };
		6679146B29A5C25B00188FF4 /* HomeView.swift in Sources */ = {isa = PBXBuildFile; fileRef = 6679146A29A5C25B00188FF4 /* HomeView.swift */; };
		6679146F29A83BCE00188FF4 /* AppDelegate.swift in Sources */ = {isa = PBXBuildFile; fileRef = 6679146E29A83BCE00188FF4 /* AppDelegate.swift */; };
		6679147229A83E1200188FF4 /* FirebaseAnalytics in Frameworks */ = {isa = PBXBuildFile; productRef = 6679147129A83E1200188FF4 /* FirebaseAnalytics */; };
		6679147429A83E1200188FF4 /* FirebaseAuth in Frameworks */ = {isa = PBXBuildFile; productRef = 6679147329A83E1200188FF4 /* FirebaseAuth */; };
		6679147629A83E1200188FF4 /* FirebaseDatabase in Frameworks */ = {isa = PBXBuildFile; productRef = 6679147529A83E1200188FF4 /* FirebaseDatabase */; };
		6679147829A83E1200188FF4 /* FirebaseStorage in Frameworks */ = {isa = PBXBuildFile; productRef = 6679147729A83E1200188FF4 /* FirebaseStorage */; };
		6679147E29A84EE900188FF4 /* StartScreenView.swift in Sources */ = {isa = PBXBuildFile; fileRef = 6679147D29A84EE900188FF4 /* StartScreenView.swift */; };
		6679148229A8582000188FF4 /* GoogleService-Info.plist in Resources */ = {isa = PBXBuildFile; fileRef = 6679148129A8582000188FF4 /* GoogleService-Info.plist */; };
		6679148429A9B4BE00188FF4 /* InitQuestionnaireView.swift in Sources */ = {isa = PBXBuildFile; fileRef = 6679148329A9B4BE00188FF4 /* InitQuestionnaireView.swift */; };
		6679148729A9BC8800188FF4 /* FirebaseFirestore in Frameworks */ = {isa = PBXBuildFile; productRef = 6679148629A9BC8800188FF4 /* FirebaseFirestore */; };
		66FB7E8A29AECFF000298B23 /* testview.swift in Sources */ = {isa = PBXBuildFile; fileRef = 66FB7E8929AECFF000298B23 /* testview.swift */; };
		66FB7E8C29B1841B00298B23 /* InitQuestionnaire2View.swift in Sources */ = {isa = PBXBuildFile; fileRef = 66FB7E8B29B1841B00298B23 /* InitQuestionnaire2View.swift */; };
		66FB7E8E29B1CB9F00298B23 /* InitQuestionnaire3View.swift in Sources */ = {isa = PBXBuildFile; fileRef = 66FB7E8D29B1CB9F00298B23 /* InitQuestionnaire3View.swift */; };
		69D40FE0AA6AA0BF2E2AE777 /* Pods_MeMindTests.framework in Frameworks */ = {isa = PBXBuildFile; fileRef = 6B3D91D313E421D223C37400 /* Pods_MeMindTests.framework */; };
/* End PBXBuildFile section */

/* Begin PBXContainerItemProxy section */
		6679144029A577B200188FF4 /* PBXContainerItemProxy */ = {
			isa = PBXContainerItemProxy;
			containerPortal = 6679142729A577B100188FF4 /* Project object */;
			proxyType = 1;
			remoteGlobalIDString = 6679142E29A577B100188FF4;
			remoteInfo = MeMind;
		};
		6679144A29A577B200188FF4 /* PBXContainerItemProxy */ = {
			isa = PBXContainerItemProxy;
			containerPortal = 6679142729A577B100188FF4 /* Project object */;
			proxyType = 1;
			remoteGlobalIDString = 6679142E29A577B100188FF4;
			remoteInfo = MeMind;
		};
/* End PBXContainerItemProxy section */

/* Begin PBXFileReference section */
		0298E73259D6374CD3CC018C /* Pods_MeMind.framework */ = {isa = PBXFileReference; explicitFileType = wrapper.framework; includeInIndex = 0; path = Pods_MeMind.framework; sourceTree = BUILT_PRODUCTS_DIR; };
		15F9EE0F6B4216968F24347B /* Pods-MeMind.release.xcconfig */ = {isa = PBXFileReference; includeInIndex = 1; lastKnownFileType = text.xcconfig; name = "Pods-MeMind.release.xcconfig"; path = "Target Support Files/Pods-MeMind/Pods-MeMind.release.xcconfig"; sourceTree = "<group>"; };
		3A4B3DA4009F137BB2A77D3F /* Pods-MeMind.debug.xcconfig */ = {isa = PBXFileReference; includeInIndex = 1; lastKnownFileType = text.xcconfig; name = "Pods-MeMind.debug.xcconfig"; path = "Target Support Files/Pods-MeMind/Pods-MeMind.debug.xcconfig"; sourceTree = "<group>"; };
		4F02B9D75137D0B1D9A0F2A6 /* Pods-MeMind-MeMindUITests.debug.xcconfig */ = {isa = PBXFileReference; includeInIndex = 1; lastKnownFileType = text.xcconfig; name = "Pods-MeMind-MeMindUITests.debug.xcconfig"; path = "Target Support Files/Pods-MeMind-MeMindUITests/Pods-MeMind-MeMindUITests.debug.xcconfig"; sourceTree = "<group>"; };
		667315FA29AA0FE800E050CC /* Alegreya-VariableFont_wght.ttf */ = {isa = PBXFileReference; lastKnownFileType = file; path = "Alegreya-VariableFont_wght.ttf"; sourceTree = "<group>"; };
		667315FC29AA184000E050CC /* Montserrat-VariableFont_wght.ttf */ = {isa = PBXFileReference; lastKnownFileType = file; path = "Montserrat-VariableFont_wght.ttf"; sourceTree = "<group>"; };
		6679142F29A577B100188FF4 /* MeMind.app */ = {isa = PBXFileReference; explicitFileType = wrapper.application; includeInIndex = 0; path = MeMind.app; sourceTree = BUILT_PRODUCTS_DIR; };
		6679143229A577B100188FF4 /* MeMindApp.swift */ = {isa = PBXFileReference; lastKnownFileType = sourcecode.swift; path = MeMindApp.swift; sourceTree = "<group>"; };
		6679143629A577B200188FF4 /* Assets.xcassets */ = {isa = PBXFileReference; lastKnownFileType = folder.assetcatalog; path = Assets.xcassets; sourceTree = "<group>"; };
		6679143929A577B200188FF4 /* Preview Assets.xcassets */ = {isa = PBXFileReference; lastKnownFileType = folder.assetcatalog; path = "Preview Assets.xcassets"; sourceTree = "<group>"; };
		6679143F29A577B200188FF4 /* MeMindTests.xctest */ = {isa = PBXFileReference; explicitFileType = wrapper.cfbundle; includeInIndex = 0; path = MeMindTests.xctest; sourceTree = BUILT_PRODUCTS_DIR; };
		6679144329A577B200188FF4 /* MeMindTests.swift */ = {isa = PBXFileReference; lastKnownFileType = sourcecode.swift; path = MeMindTests.swift; sourceTree = "<group>"; };
		6679144929A577B200188FF4 /* MeMindUITests.xctest */ = {isa = PBXFileReference; explicitFileType = wrapper.cfbundle; includeInIndex = 0; path = MeMindUITests.xctest; sourceTree = BUILT_PRODUCTS_DIR; };
		6679144D29A577B200188FF4 /* MeMindUITests.swift */ = {isa = PBXFileReference; lastKnownFileType = sourcecode.swift; path = MeMindUITests.swift; sourceTree = "<group>"; };
		6679144F29A577B200188FF4 /* MeMindUITestsLaunchTests.swift */ = {isa = PBXFileReference; lastKnownFileType = sourcecode.swift; path = MeMindUITestsLaunchTests.swift; sourceTree = "<group>"; };
		6679146029A5B62100188FF4 /* RecommendedActivitiesView.swift */ = {isa = PBXFileReference; lastKnownFileType = sourcecode.swift; path = RecommendedActivitiesView.swift; sourceTree = "<group>"; };
		6679146229A5B7C600188FF4 /* MoodTrackerView.swift */ = {isa = PBXFileReference; lastKnownFileType = sourcecode.swift; path = MoodTrackerView.swift; sourceTree = "<group>"; };
		6679146429A5B7D200188FF4 /* MindfulnessView.swift */ = {isa = PBXFileReference; lastKnownFileType = sourcecode.swift; path = MindfulnessView.swift; sourceTree = "<group>"; };
		6679146629A5B7DD00188FF4 /* UserProfileView.swift */ = {isa = PBXFileReference; lastKnownFileType = sourcecode.swift; path = UserProfileView.swift; sourceTree = "<group>"; };
		6679146829A5B9E100188FF4 /* RecommendedActivityView.swift */ = {isa = PBXFileReference; lastKnownFileType = sourcecode.swift; path = RecommendedActivityView.swift; sourceTree = "<group>"; };
		6679146A29A5C25B00188FF4 /* HomeView.swift */ = {isa = PBXFileReference; lastKnownFileType = sourcecode.swift; path = HomeView.swift; sourceTree = "<group>"; };
		6679146E29A83BCE00188FF4 /* AppDelegate.swift */ = {isa = PBXFileReference; lastKnownFileType = sourcecode.swift; path = AppDelegate.swift; sourceTree = "<group>"; };
		6679147D29A84EE900188FF4 /* StartScreenView.swift */ = {isa = PBXFileReference; lastKnownFileType = sourcecode.swift; path = StartScreenView.swift; sourceTree = "<group>"; };
		6679148129A8582000188FF4 /* GoogleService-Info.plist */ = {isa = PBXFileReference; fileEncoding = 4; lastKnownFileType = text.plist.xml; path = "GoogleService-Info.plist"; sourceTree = "<group>"; };
		6679148329A9B4BE00188FF4 /* InitQuestionnaireView.swift */ = {isa = PBXFileReference; lastKnownFileType = sourcecode.swift; path = InitQuestionnaireView.swift; sourceTree = "<group>"; };
		66FB7E8929AECFF000298B23 /* testview.swift */ = {isa = PBXFileReference; lastKnownFileType = sourcecode.swift; path = testview.swift; sourceTree = "<group>"; };
		66FB7E8B29B1841B00298B23 /* InitQuestionnaire2View.swift */ = {isa = PBXFileReference; lastKnownFileType = sourcecode.swift; path = InitQuestionnaire2View.swift; sourceTree = "<group>"; };
		66FB7E8D29B1CB9F00298B23 /* InitQuestionnaire3View.swift */ = {isa = PBXFileReference; lastKnownFileType = sourcecode.swift; path = InitQuestionnaire3View.swift; sourceTree = "<group>"; };
		6B3D91D313E421D223C37400 /* Pods_MeMindTests.framework */ = {isa = PBXFileReference; explicitFileType = wrapper.framework; includeInIndex = 0; path = Pods_MeMindTests.framework; sourceTree = BUILT_PRODUCTS_DIR; };
		82DC57A50C672E7D654BD117 /* Pods-MeMindTests.release.xcconfig */ = {isa = PBXFileReference; includeInIndex = 1; lastKnownFileType = text.xcconfig; name = "Pods-MeMindTests.release.xcconfig"; path = "Target Support Files/Pods-MeMindTests/Pods-MeMindTests.release.xcconfig"; sourceTree = "<group>"; };
		B0F7CC8A9B925741965AEF55 /* Pods-MeMind-MeMindUITests.release.xcconfig */ = {isa = PBXFileReference; includeInIndex = 1; lastKnownFileType = text.xcconfig; name = "Pods-MeMind-MeMindUITests.release.xcconfig"; path = "Target Support Files/Pods-MeMind-MeMindUITests/Pods-MeMind-MeMindUITests.release.xcconfig"; sourceTree = "<group>"; };
		DE99834AB31D52270BA944F3 /* Pods_MeMind_MeMindUITests.framework */ = {isa = PBXFileReference; explicitFileType = wrapper.framework; includeInIndex = 0; path = Pods_MeMind_MeMindUITests.framework; sourceTree = BUILT_PRODUCTS_DIR; };
		F8FC1CFD6F32C3F629A9AB93 /* Pods-MeMindTests.debug.xcconfig */ = {isa = PBXFileReference; includeInIndex = 1; lastKnownFileType = text.xcconfig; name = "Pods-MeMindTests.debug.xcconfig"; path = "Target Support Files/Pods-MeMindTests/Pods-MeMindTests.debug.xcconfig"; sourceTree = "<group>"; };
/* End PBXFileReference section */

/* Begin PBXFrameworksBuildPhase section */
		6679142C29A577B100188FF4 /* Frameworks */ = {
			isa = PBXFrameworksBuildPhase;
			buildActionMask = 2147483647;
			files = (
				6679147629A83E1200188FF4 /* FirebaseDatabase in Frameworks */,
				6679147829A83E1200188FF4 /* FirebaseStorage in Frameworks */,
				6679147229A83E1200188FF4 /* FirebaseAnalytics in Frameworks */,
				6679148729A9BC8800188FF4 /* FirebaseFirestore in Frameworks */,
				6679147429A83E1200188FF4 /* FirebaseAuth in Frameworks */,
				037CBC62E1988920FB5818F7 /* Pods_MeMind.framework in Frameworks */,
			);
			runOnlyForDeploymentPostprocessing = 0;
		};
		6679143C29A577B200188FF4 /* Frameworks */ = {
			isa = PBXFrameworksBuildPhase;
			buildActionMask = 2147483647;
			files = (
				69D40FE0AA6AA0BF2E2AE777 /* Pods_MeMindTests.framework in Frameworks */,
			);
			runOnlyForDeploymentPostprocessing = 0;
		};
		6679144629A577B200188FF4 /* Frameworks */ = {
			isa = PBXFrameworksBuildPhase;
			buildActionMask = 2147483647;
			files = (
				589C243BD4361A9F711C7764 /* Pods_MeMind_MeMindUITests.framework in Frameworks */,
			);
			runOnlyForDeploymentPostprocessing = 0;
		};
/* End PBXFrameworksBuildPhase section */

/* Begin PBXGroup section */
		667315F729AA0F4C00E050CC /* Fonts */ = {
			isa = PBXGroup;
			children = (
				667315FC29AA184000E050CC /* Montserrat-VariableFont_wght.ttf */,
				667315FA29AA0FE800E050CC /* Alegreya-VariableFont_wght.ttf */,
			);
			path = Fonts;
			sourceTree = "<group>";
		};
		6679142629A577B100188FF4 = {
			isa = PBXGroup;
			children = (
				6679143129A577B100188FF4 /* MeMind */,
				6679144229A577B200188FF4 /* MeMindTests */,
				6679144C29A577B200188FF4 /* MeMindUITests */,
				6679143029A577B100188FF4 /* Products */,
				6679148529A9BC8800188FF4 /* Frameworks */,
				B978AB2413039CBDA39F3A71 /* Pods */,
			);
			sourceTree = "<group>";
		};
		6679143029A577B100188FF4 /* Products */ = {
			isa = PBXGroup;
			children = (
				6679142F29A577B100188FF4 /* MeMind.app */,
				6679143F29A577B200188FF4 /* MeMindTests.xctest */,
				6679144929A577B200188FF4 /* MeMindUITests.xctest */,
			);
			name = Products;
			sourceTree = "<group>";
		};
		6679143129A577B100188FF4 /* MeMind */ = {
			isa = PBXGroup;
			children = (
				667315F729AA0F4C00E050CC /* Fonts */,
				6679148129A8582000188FF4 /* GoogleService-Info.plist */,
				6679143229A577B100188FF4 /* MeMindApp.swift */,
				6679143629A577B200188FF4 /* Assets.xcassets */,
				6679143829A577B200188FF4 /* Preview Content */,
				6679146029A5B62100188FF4 /* RecommendedActivitiesView.swift */,
				6679146229A5B7C600188FF4 /* MoodTrackerView.swift */,
				6679146429A5B7D200188FF4 /* MindfulnessView.swift */,
				6679146629A5B7DD00188FF4 /* UserProfileView.swift */,
				6679146829A5B9E100188FF4 /* RecommendedActivityView.swift */,
				6679146A29A5C25B00188FF4 /* HomeView.swift */,
				6679146E29A83BCE00188FF4 /* AppDelegate.swift */,
				6679147D29A84EE900188FF4 /* StartScreenView.swift */,
				6679148329A9B4BE00188FF4 /* InitQuestionnaireView.swift */,
				66FB7E8929AECFF000298B23 /* testview.swift */,
				66FB7E8B29B1841B00298B23 /* InitQuestionnaire2View.swift */,
				66FB7E8D29B1CB9F00298B23 /* InitQuestionnaire3View.swift */,
			);
			path = MeMind;
			sourceTree = "<group>";
		};
		6679143829A577B200188FF4 /* Preview Content */ = {
			isa = PBXGroup;
			children = (
				6679143929A577B200188FF4 /* Preview Assets.xcassets */,
			);
			path = "Preview Content";
			sourceTree = "<group>";
		};
		6679144229A577B200188FF4 /* MeMindTests */ = {
			isa = PBXGroup;
			children = (
				6679144329A577B200188FF4 /* MeMindTests.swift */,
			);
			path = MeMindTests;
			sourceTree = "<group>";
		};
		6679144C29A577B200188FF4 /* MeMindUITests */ = {
			isa = PBXGroup;
			children = (
				6679144D29A577B200188FF4 /* MeMindUITests.swift */,
				6679144F29A577B200188FF4 /* MeMindUITestsLaunchTests.swift */,
			);
			path = MeMindUITests;
			sourceTree = "<group>";
		};
		6679148529A9BC8800188FF4 /* Frameworks */ = {
			isa = PBXGroup;
			children = (
				0298E73259D6374CD3CC018C /* Pods_MeMind.framework */,
				DE99834AB31D52270BA944F3 /* Pods_MeMind_MeMindUITests.framework */,
				6B3D91D313E421D223C37400 /* Pods_MeMindTests.framework */,
			);
			name = Frameworks;
			sourceTree = "<group>";
		};
		B978AB2413039CBDA39F3A71 /* Pods */ = {
			isa = PBXGroup;
			children = (
				3A4B3DA4009F137BB2A77D3F /* Pods-MeMind.debug.xcconfig */,
				15F9EE0F6B4216968F24347B /* Pods-MeMind.release.xcconfig */,
				4F02B9D75137D0B1D9A0F2A6 /* Pods-MeMind-MeMindUITests.debug.xcconfig */,
				B0F7CC8A9B925741965AEF55 /* Pods-MeMind-MeMindUITests.release.xcconfig */,
				F8FC1CFD6F32C3F629A9AB93 /* Pods-MeMindTests.debug.xcconfig */,
				82DC57A50C672E7D654BD117 /* Pods-MeMindTests.release.xcconfig */,
			);
			path = Pods;
			sourceTree = "<group>";
		};
/* End PBXGroup section */

/* Begin PBXNativeTarget section */
		6679142E29A577B100188FF4 /* MeMind */ = {
			isa = PBXNativeTarget;
			buildConfigurationList = 6679145329A577B200188FF4 /* Build configuration list for PBXNativeTarget "MeMind" */;
			buildPhases = (
				FC4185DD66AB06A1347463EE /* [CP] Check Pods Manifest.lock */,
				6679142B29A577B100188FF4 /* Sources */,
				6679142C29A577B100188FF4 /* Frameworks */,
				6679142D29A577B100188FF4 /* Resources */,
				BEB37B018F951B7883DD2D60 /* [CP] Embed Pods Frameworks */,
			);
			buildRules = (
			);
			dependencies = (
			);
			name = MeMind;
			packageProductDependencies = (
				6679147129A83E1200188FF4 /* FirebaseAnalytics */,
				6679147329A83E1200188FF4 /* FirebaseAuth */,
				6679147529A83E1200188FF4 /* FirebaseDatabase */,
				6679147729A83E1200188FF4 /* FirebaseStorage */,
				6679148629A9BC8800188FF4 /* FirebaseFirestore */,
			);
			productName = MeMind;
			productReference = 6679142F29A577B100188FF4 /* MeMind.app */;
			productType = "com.apple.product-type.application";
		};
		6679143E29A577B200188FF4 /* MeMindTests */ = {
			isa = PBXNativeTarget;
			buildConfigurationList = 6679145629A577B200188FF4 /* Build configuration list for PBXNativeTarget "MeMindTests" */;
			buildPhases = (
				76EBEEB4A10B19C60A9C4BC0 /* [CP] Check Pods Manifest.lock */,
				6679143B29A577B200188FF4 /* Sources */,
				6679143C29A577B200188FF4 /* Frameworks */,
				6679143D29A577B200188FF4 /* Resources */,
			);
			buildRules = (
			);
			dependencies = (
				6679144129A577B200188FF4 /* PBXTargetDependency */,
			);
			name = MeMindTests;
			productName = MeMindTests;
			productReference = 6679143F29A577B200188FF4 /* MeMindTests.xctest */;
			productType = "com.apple.product-type.bundle.unit-test";
		};
		6679144829A577B200188FF4 /* MeMindUITests */ = {
			isa = PBXNativeTarget;
			buildConfigurationList = 6679145929A577B200188FF4 /* Build configuration list for PBXNativeTarget "MeMindUITests" */;
			buildPhases = (
				CEEDA21FDE8975BF7364248A /* [CP] Check Pods Manifest.lock */,
				6679144529A577B200188FF4 /* Sources */,
				6679144629A577B200188FF4 /* Frameworks */,
				6679144729A577B200188FF4 /* Resources */,
				23679E39878FF98A1E10F55D /* [CP] Embed Pods Frameworks */,
			);
			buildRules = (
			);
			dependencies = (
				6679144B29A577B200188FF4 /* PBXTargetDependency */,
			);
			name = MeMindUITests;
			productName = MeMindUITests;
			productReference = 6679144929A577B200188FF4 /* MeMindUITests.xctest */;
			productType = "com.apple.product-type.bundle.ui-testing";
		};
/* End PBXNativeTarget section */

/* Begin PBXProject section */
		6679142729A577B100188FF4 /* Project object */ = {
			isa = PBXProject;
			attributes = {
				BuildIndependentTargetsInParallel = 1;
				LastSwiftUpdateCheck = 1420;
				LastUpgradeCheck = 1420;
				TargetAttributes = {
					6679142E29A577B100188FF4 = {
						CreatedOnToolsVersion = 14.2;
					};
					6679143E29A577B200188FF4 = {
						CreatedOnToolsVersion = 14.2;
						TestTargetID = 6679142E29A577B100188FF4;
					};
					6679144829A577B200188FF4 = {
						CreatedOnToolsVersion = 14.2;
						TestTargetID = 6679142E29A577B100188FF4;
					};
				};
			};
			buildConfigurationList = 6679142A29A577B100188FF4 /* Build configuration list for PBXProject "MeMind" */;
			compatibilityVersion = "Xcode 14.0";
			developmentRegion = en;
			hasScannedForEncodings = 0;
			knownRegions = (
				en,
				Base,
			);
			mainGroup = 6679142629A577B100188FF4;
			packageReferences = (
				6679147029A83E1200188FF4 /* XCRemoteSwiftPackageReference "firebase-ios-sdk" */,
			);
			productRefGroup = 6679143029A577B100188FF4 /* Products */;
			projectDirPath = "";
			projectRoot = "";
			targets = (
				6679142E29A577B100188FF4 /* MeMind */,
				6679143E29A577B200188FF4 /* MeMindTests */,
				6679144829A577B200188FF4 /* MeMindUITests */,
			);
		};
/* End PBXProject section */

/* Begin PBXResourcesBuildPhase section */
		6679142D29A577B100188FF4 /* Resources */ = {
			isa = PBXResourcesBuildPhase;
			buildActionMask = 2147483647;
			files = (
				6679143A29A577B200188FF4 /* Preview Assets.xcassets in Resources */,
				6679143729A577B200188FF4 /* Assets.xcassets in Resources */,
				6679148229A8582000188FF4 /* GoogleService-Info.plist in Resources */,
				667315FB29AA0FE800E050CC /* Alegreya-VariableFont_wght.ttf in Resources */,
				667315FD29AA184000E050CC /* Montserrat-VariableFont_wght.ttf in Resources */,
			);
			runOnlyForDeploymentPostprocessing = 0;
		};
		6679143D29A577B200188FF4 /* Resources */ = {
			isa = PBXResourcesBuildPhase;
			buildActionMask = 2147483647;
			files = (
			);
			runOnlyForDeploymentPostprocessing = 0;
		};
		6679144729A577B200188FF4 /* Resources */ = {
			isa = PBXResourcesBuildPhase;
			buildActionMask = 2147483647;
			files = (
			);
			runOnlyForDeploymentPostprocessing = 0;
		};
/* End PBXResourcesBuildPhase section */

/* Begin PBXShellScriptBuildPhase section */
		23679E39878FF98A1E10F55D /* [CP] Embed Pods Frameworks */ = {
			isa = PBXShellScriptBuildPhase;
			buildActionMask = 2147483647;
			files = (
			);
			inputFileListPaths = (
				"${PODS_ROOT}/Target Support Files/Pods-MeMind-MeMindUITests/Pods-MeMind-MeMindUITests-frameworks-${CONFIGURATION}-input-files.xcfilelist",
			);
			name = "[CP] Embed Pods Frameworks";
			outputFileListPaths = (
				"${PODS_ROOT}/Target Support Files/Pods-MeMind-MeMindUITests/Pods-MeMind-MeMindUITests-frameworks-${CONFIGURATION}-output-files.xcfilelist",
			);
			runOnlyForDeploymentPostprocessing = 0;
			shellPath = /bin/sh;
			shellScript = "\"${PODS_ROOT}/Target Support Files/Pods-MeMind-MeMindUITests/Pods-MeMind-MeMindUITests-frameworks.sh\"\n";
			showEnvVarsInLog = 0;
		};
		76EBEEB4A10B19C60A9C4BC0 /* [CP] Check Pods Manifest.lock */ = {
			isa = PBXShellScriptBuildPhase;
			buildActionMask = 2147483647;
			files = (
			);
			inputFileListPaths = (
			);
			inputPaths = (
				"${PODS_PODFILE_DIR_PATH}/Podfile.lock",
				"${PODS_ROOT}/Manifest.lock",
			);
			name = "[CP] Check Pods Manifest.lock";
			outputFileListPaths = (
			);
			outputPaths = (
				"$(DERIVED_FILE_DIR)/Pods-MeMindTests-checkManifestLockResult.txt",
			);
			runOnlyForDeploymentPostprocessing = 0;
			shellPath = /bin/sh;
			shellScript = "diff \"${PODS_PODFILE_DIR_PATH}/Podfile.lock\" \"${PODS_ROOT}/Manifest.lock\" > /dev/null\nif [ $? != 0 ] ; then\n    # print error to STDERR\n    echo \"error: The sandbox is not in sync with the Podfile.lock. Run 'pod install' or update your CocoaPods installation.\" >&2\n    exit 1\nfi\n# This output is used by Xcode 'outputs' to avoid re-running this script phase.\necho \"SUCCESS\" > \"${SCRIPT_OUTPUT_FILE_0}\"\n";
			showEnvVarsInLog = 0;
		};
		BEB37B018F951B7883DD2D60 /* [CP] Embed Pods Frameworks */ = {
			isa = PBXShellScriptBuildPhase;
			buildActionMask = 2147483647;
			files = (
			);
			inputFileListPaths = (
				"${PODS_ROOT}/Target Support Files/Pods-MeMind/Pods-MeMind-frameworks-${CONFIGURATION}-input-files.xcfilelist",
			);
			name = "[CP] Embed Pods Frameworks";
			outputFileListPaths = (
				"${PODS_ROOT}/Target Support Files/Pods-MeMind/Pods-MeMind-frameworks-${CONFIGURATION}-output-files.xcfilelist",
			);
			runOnlyForDeploymentPostprocessing = 0;
			shellPath = /bin/sh;
			shellScript = "\"${PODS_ROOT}/Target Support Files/Pods-MeMind/Pods-MeMind-frameworks.sh\"\n";
			showEnvVarsInLog = 0;
		};
		CEEDA21FDE8975BF7364248A /* [CP] Check Pods Manifest.lock */ = {
			isa = PBXShellScriptBuildPhase;
			buildActionMask = 2147483647;
			files = (
			);
			inputFileListPaths = (
			);
			inputPaths = (
				"${PODS_PODFILE_DIR_PATH}/Podfile.lock",
				"${PODS_ROOT}/Manifest.lock",
			);
			name = "[CP] Check Pods Manifest.lock";
			outputFileListPaths = (
			);
			outputPaths = (
				"$(DERIVED_FILE_DIR)/Pods-MeMind-MeMindUITests-checkManifestLockResult.txt",
			);
			runOnlyForDeploymentPostprocessing = 0;
			shellPath = /bin/sh;
			shellScript = "diff \"${PODS_PODFILE_DIR_PATH}/Podfile.lock\" \"${PODS_ROOT}/Manifest.lock\" > /dev/null\nif [ $? != 0 ] ; then\n    # print error to STDERR\n    echo \"error: The sandbox is not in sync with the Podfile.lock. Run 'pod install' or update your CocoaPods installation.\" >&2\n    exit 1\nfi\n# This output is used by Xcode 'outputs' to avoid re-running this script phase.\necho \"SUCCESS\" > \"${SCRIPT_OUTPUT_FILE_0}\"\n";
			showEnvVarsInLog = 0;
		};
		FC4185DD66AB06A1347463EE /* [CP] Check Pods Manifest.lock */ = {
			isa = PBXShellScriptBuildPhase;
			buildActionMask = 2147483647;
			files = (
			);
			inputFileListPaths = (
			);
			inputPaths = (
				"${PODS_PODFILE_DIR_PATH}/Podfile.lock",
				"${PODS_ROOT}/Manifest.lock",
			);
			name = "[CP] Check Pods Manifest.lock";
			outputFileListPaths = (
			);
			outputPaths = (
				"$(DERIVED_FILE_DIR)/Pods-MeMind-checkManifestLockResult.txt",
			);
			runOnlyForDeploymentPostprocessing = 0;
			shellPath = /bin/sh;
			shellScript = "diff \"${PODS_PODFILE_DIR_PATH}/Podfile.lock\" \"${PODS_ROOT}/Manifest.lock\" > /dev/null\nif [ $? != 0 ] ; then\n    # print error to STDERR\n    echo \"error: The sandbox is not in sync with the Podfile.lock. Run 'pod install' or update your CocoaPods installation.\" >&2\n    exit 1\nfi\n# This output is used by Xcode 'outputs' to avoid re-running this script phase.\necho \"SUCCESS\" > \"${SCRIPT_OUTPUT_FILE_0}\"\n";
			showEnvVarsInLog = 0;
		};
/* End PBXShellScriptBuildPhase section */

/* Begin PBXSourcesBuildPhase section */
		6679142B29A577B100188FF4 /* Sources */ = {
			isa = PBXSourcesBuildPhase;
			buildActionMask = 2147483647;
			files = (
				6679148429A9B4BE00188FF4 /* InitQuestionnaireView.swift in Sources */,
				6679146729A5B7DD00188FF4 /* UserProfileView.swift in Sources */,
				6679146B29A5C25B00188FF4 /* HomeView.swift in Sources */,
				66FB7E8E29B1CB9F00298B23 /* InitQuestionnaire3View.swift in Sources */,
				6679146329A5B7C600188FF4 /* MoodTrackerView.swift in Sources */,
				6679147E29A84EE900188FF4 /* StartScreenView.swift in Sources */,
				6679146F29A83BCE00188FF4 /* AppDelegate.swift in Sources */,
				6679143329A577B100188FF4 /* MeMindApp.swift in Sources */,
				6679146129A5B62100188FF4 /* RecommendedActivitiesView.swift in Sources */,
				6679146529A5B7D200188FF4 /* MindfulnessView.swift in Sources */,
				6679146929A5B9E100188FF4 /* RecommendedActivityView.swift in Sources */,
				66FB7E8A29AECFF000298B23 /* testview.swift in Sources */,
				66FB7E8C29B1841B00298B23 /* InitQuestionnaire2View.swift in Sources */,
			);
			runOnlyForDeploymentPostprocessing = 0;
		};
		6679143B29A577B200188FF4 /* Sources */ = {
			isa = PBXSourcesBuildPhase;
			buildActionMask = 2147483647;
			files = (
				6679144429A577B200188FF4 /* MeMindTests.swift in Sources */,
			);
			runOnlyForDeploymentPostprocessing = 0;
		};
		6679144529A577B200188FF4 /* Sources */ = {
			isa = PBXSourcesBuildPhase;
			buildActionMask = 2147483647;
			files = (
				6679145029A577B200188FF4 /* MeMindUITestsLaunchTests.swift in Sources */,
				6679144E29A577B200188FF4 /* MeMindUITests.swift in Sources */,
			);
			runOnlyForDeploymentPostprocessing = 0;
		};
/* End PBXSourcesBuildPhase section */

/* Begin PBXTargetDependency section */
		6679144129A577B200188FF4 /* PBXTargetDependency */ = {
			isa = PBXTargetDependency;
			target = 6679142E29A577B100188FF4 /* MeMind */;
			targetProxy = 6679144029A577B200188FF4 /* PBXContainerItemProxy */;
		};
		6679144B29A577B200188FF4 /* PBXTargetDependency */ = {
			isa = PBXTargetDependency;
			target = 6679142E29A577B100188FF4 /* MeMind */;
			targetProxy = 6679144A29A577B200188FF4 /* PBXContainerItemProxy */;
		};
/* End PBXTargetDependency section */

/* Begin XCBuildConfiguration section */
		6679145129A577B200188FF4 /* Debug */ = {
			isa = XCBuildConfiguration;
			buildSettings = {
				ALWAYS_SEARCH_USER_PATHS = NO;
				CLANG_ANALYZER_NONNULL = YES;
				CLANG_ANALYZER_NUMBER_OBJECT_CONVERSION = YES_AGGRESSIVE;
				CLANG_CXX_LANGUAGE_STANDARD = "gnu++20";
				CLANG_ENABLE_MODULES = YES;
				CLANG_ENABLE_OBJC_ARC = YES;
				CLANG_ENABLE_OBJC_WEAK = YES;
				CLANG_WARN_BLOCK_CAPTURE_AUTORELEASING = YES;
				CLANG_WARN_BOOL_CONVERSION = YES;
				CLANG_WARN_COMMA = YES;
				CLANG_WARN_CONSTANT_CONVERSION = YES;
				CLANG_WARN_DEPRECATED_OBJC_IMPLEMENTATIONS = YES;
				CLANG_WARN_DIRECT_OBJC_ISA_USAGE = YES_ERROR;
				CLANG_WARN_DOCUMENTATION_COMMENTS = YES;
				CLANG_WARN_EMPTY_BODY = YES;
				CLANG_WARN_ENUM_CONVERSION = YES;
				CLANG_WARN_INFINITE_RECURSION = YES;
				CLANG_WARN_INT_CONVERSION = YES;
				CLANG_WARN_NON_LITERAL_NULL_CONVERSION = YES;
				CLANG_WARN_OBJC_IMPLICIT_RETAIN_SELF = YES;
				CLANG_WARN_OBJC_LITERAL_CONVERSION = YES;
				CLANG_WARN_OBJC_ROOT_CLASS = YES_ERROR;
				CLANG_WARN_QUOTED_INCLUDE_IN_FRAMEWORK_HEADER = YES;
				CLANG_WARN_RANGE_LOOP_ANALYSIS = YES;
				CLANG_WARN_STRICT_PROTOTYPES = YES;
				CLANG_WARN_SUSPICIOUS_MOVE = YES;
				CLANG_WARN_UNGUARDED_AVAILABILITY = YES_AGGRESSIVE;
				CLANG_WARN_UNREACHABLE_CODE = YES;
				CLANG_WARN__DUPLICATE_METHOD_MATCH = YES;
				COPY_PHASE_STRIP = NO;
				DEBUG_INFORMATION_FORMAT = dwarf;
				ENABLE_STRICT_OBJC_MSGSEND = YES;
				ENABLE_TESTABILITY = YES;
				GCC_C_LANGUAGE_STANDARD = gnu11;
				GCC_DYNAMIC_NO_PIC = NO;
				GCC_NO_COMMON_BLOCKS = YES;
				GCC_OPTIMIZATION_LEVEL = 0;
				GCC_PREPROCESSOR_DEFINITIONS = (
					"DEBUG=1",
					"$(inherited)",
				);
				GCC_WARN_64_TO_32_BIT_CONVERSION = YES;
				GCC_WARN_ABOUT_RETURN_TYPE = YES_ERROR;
				GCC_WARN_UNDECLARED_SELECTOR = YES;
				GCC_WARN_UNINITIALIZED_AUTOS = YES_AGGRESSIVE;
				GCC_WARN_UNUSED_FUNCTION = YES;
				GCC_WARN_UNUSED_VARIABLE = YES;
				IPHONEOS_DEPLOYMENT_TARGET = 16.2;
				MTL_ENABLE_DEBUG_INFO = INCLUDE_SOURCE;
				MTL_FAST_MATH = YES;
				ONLY_ACTIVE_ARCH = YES;
				SDKROOT = iphoneos;
				SWIFT_ACTIVE_COMPILATION_CONDITIONS = DEBUG;
				SWIFT_OPTIMIZATION_LEVEL = "-Onone";
			};
			name = Debug;
		};
		6679145229A577B200188FF4 /* Release */ = {
			isa = XCBuildConfiguration;
			buildSettings = {
				ALWAYS_SEARCH_USER_PATHS = NO;
				CLANG_ANALYZER_NONNULL = YES;
				CLANG_ANALYZER_NUMBER_OBJECT_CONVERSION = YES_AGGRESSIVE;
				CLANG_CXX_LANGUAGE_STANDARD = "gnu++20";
				CLANG_ENABLE_MODULES = YES;
				CLANG_ENABLE_OBJC_ARC = YES;
				CLANG_ENABLE_OBJC_WEAK = YES;
				CLANG_WARN_BLOCK_CAPTURE_AUTORELEASING = YES;
				CLANG_WARN_BOOL_CONVERSION = YES;
				CLANG_WARN_COMMA = YES;
				CLANG_WARN_CONSTANT_CONVERSION = YES;
				CLANG_WARN_DEPRECATED_OBJC_IMPLEMENTATIONS = YES;
				CLANG_WARN_DIRECT_OBJC_ISA_USAGE = YES_ERROR;
				CLANG_WARN_DOCUMENTATION_COMMENTS = YES;
				CLANG_WARN_EMPTY_BODY = YES;
				CLANG_WARN_ENUM_CONVERSION = YES;
				CLANG_WARN_INFINITE_RECURSION = YES;
				CLANG_WARN_INT_CONVERSION = YES;
				CLANG_WARN_NON_LITERAL_NULL_CONVERSION = YES;
				CLANG_WARN_OBJC_IMPLICIT_RETAIN_SELF = YES;
				CLANG_WARN_OBJC_LITERAL_CONVERSION = YES;
				CLANG_WARN_OBJC_ROOT_CLASS = YES_ERROR;
				CLANG_WARN_QUOTED_INCLUDE_IN_FRAMEWORK_HEADER = YES;
				CLANG_WARN_RANGE_LOOP_ANALYSIS = YES;
				CLANG_WARN_STRICT_PROTOTYPES = YES;
				CLANG_WARN_SUSPICIOUS_MOVE = YES;
				CLANG_WARN_UNGUARDED_AVAILABILITY = YES_AGGRESSIVE;
				CLANG_WARN_UNREACHABLE_CODE = YES;
				CLANG_WARN__DUPLICATE_METHOD_MATCH = YES;
				COPY_PHASE_STRIP = NO;
				DEBUG_INFORMATION_FORMAT = "dwarf-with-dsym";
				ENABLE_NS_ASSERTIONS = NO;
				ENABLE_STRICT_OBJC_MSGSEND = YES;
				GCC_C_LANGUAGE_STANDARD = gnu11;
				GCC_NO_COMMON_BLOCKS = YES;
				GCC_WARN_64_TO_32_BIT_CONVERSION = YES;
				GCC_WARN_ABOUT_RETURN_TYPE = YES_ERROR;
				GCC_WARN_UNDECLARED_SELECTOR = YES;
				GCC_WARN_UNINITIALIZED_AUTOS = YES_AGGRESSIVE;
				GCC_WARN_UNUSED_FUNCTION = YES;
				GCC_WARN_UNUSED_VARIABLE = YES;
				IPHONEOS_DEPLOYMENT_TARGET = 16.2;
				MTL_ENABLE_DEBUG_INFO = NO;
				MTL_FAST_MATH = YES;
				SDKROOT = iphoneos;
				SWIFT_COMPILATION_MODE = wholemodule;
				SWIFT_OPTIMIZATION_LEVEL = "-O";
				VALIDATE_PRODUCT = YES;
			};
			name = Release;
		};
		6679145429A577B200188FF4 /* Debug */ = {
			isa = XCBuildConfiguration;
			baseConfigurationReference = 3A4B3DA4009F137BB2A77D3F /* Pods-MeMind.debug.xcconfig */;
			buildSettings = {
				ASSETCATALOG_COMPILER_APPICON_NAME = AppIcon;
				ASSETCATALOG_COMPILER_GLOBAL_ACCENT_COLOR_NAME = AccentColor;
				CODE_SIGN_STYLE = Automatic;
				CURRENT_PROJECT_VERSION = 1;
				DEVELOPMENT_ASSET_PATHS = "\"MeMind/Preview Content\"";
				ENABLE_PREVIEWS = YES;
				GENERATE_INFOPLIST_FILE = YES;
				INFOPLIST_FILE = MeMind/Info.plist;
				INFOPLIST_KEY_UIApplicationSceneManifest_Generation = YES;
				INFOPLIST_KEY_UIApplicationSupportsIndirectInputEvents = YES;
				INFOPLIST_KEY_UILaunchScreen_Generation = YES;
				INFOPLIST_KEY_UISupportedInterfaceOrientations_iPad = "UIInterfaceOrientationPortrait UIInterfaceOrientationPortraitUpsideDown UIInterfaceOrientationLandscapeLeft UIInterfaceOrientationLandscapeRight";
				INFOPLIST_KEY_UISupportedInterfaceOrientations_iPhone = "UIInterfaceOrientationPortrait UIInterfaceOrientationLandscapeLeft UIInterfaceOrientationLandscapeRight";
				IPHONEOS_DEPLOYMENT_TARGET = 16.0;
				LD_RUNPATH_SEARCH_PATHS = (
					"$(inherited)",
					"@executable_path/Frameworks",
				);
				MARKETING_VERSION = 1.0;
				PRODUCT_BUNDLE_IDENTIFIER = CS125.MeMind;
				PRODUCT_NAME = "$(TARGET_NAME)";
				SWIFT_EMIT_LOC_STRINGS = YES;
				SWIFT_VERSION = 5.0;
				TARGETED_DEVICE_FAMILY = "1,2";
			};
			name = Debug;
		};
		6679145529A577B200188FF4 /* Release */ = {
			isa = XCBuildConfiguration;
			baseConfigurationReference = 15F9EE0F6B4216968F24347B /* Pods-MeMind.release.xcconfig */;
			buildSettings = {
				ASSETCATALOG_COMPILER_APPICON_NAME = AppIcon;
				ASSETCATALOG_COMPILER_GLOBAL_ACCENT_COLOR_NAME = AccentColor;
				CODE_SIGN_STYLE = Automatic;
				CURRENT_PROJECT_VERSION = 1;
				DEVELOPMENT_ASSET_PATHS = "\"MeMind/Preview Content\"";
				ENABLE_PREVIEWS = YES;
				GENERATE_INFOPLIST_FILE = YES;
				INFOPLIST_FILE = MeMind/Info.plist;
				INFOPLIST_KEY_UIApplicationSceneManifest_Generation = YES;
				INFOPLIST_KEY_UIApplicationSupportsIndirectInputEvents = YES;
				INFOPLIST_KEY_UILaunchScreen_Generation = YES;
				INFOPLIST_KEY_UISupportedInterfaceOrientations_iPad = "UIInterfaceOrientationPortrait UIInterfaceOrientationPortraitUpsideDown UIInterfaceOrientationLandscapeLeft UIInterfaceOrientationLandscapeRight";
				INFOPLIST_KEY_UISupportedInterfaceOrientations_iPhone = "UIInterfaceOrientationPortrait UIInterfaceOrientationLandscapeLeft UIInterfaceOrientationLandscapeRight";
				IPHONEOS_DEPLOYMENT_TARGET = 16.0;
				LD_RUNPATH_SEARCH_PATHS = (
					"$(inherited)",
					"@executable_path/Frameworks",
				);
				MARKETING_VERSION = 1.0;
				PRODUCT_BUNDLE_IDENTIFIER = CS125.MeMind;
				PRODUCT_NAME = "$(TARGET_NAME)";
				SWIFT_EMIT_LOC_STRINGS = YES;
				SWIFT_VERSION = 5.0;
				TARGETED_DEVICE_FAMILY = "1,2";
			};
			name = Release;
		};
		6679145729A577B200188FF4 /* Debug */ = {
			isa = XCBuildConfiguration;
			baseConfigurationReference = F8FC1CFD6F32C3F629A9AB93 /* Pods-MeMindTests.debug.xcconfig */;
			buildSettings = {
				ALWAYS_EMBED_SWIFT_STANDARD_LIBRARIES = YES;
				BUNDLE_LOADER = "$(TEST_HOST)";
				CODE_SIGN_STYLE = Automatic;
				CURRENT_PROJECT_VERSION = 1;
				GENERATE_INFOPLIST_FILE = YES;
				IPHONEOS_DEPLOYMENT_TARGET = 16.2;
				MARKETING_VERSION = 1.0;
				PRODUCT_BUNDLE_IDENTIFIER = CS125.MeMindTests;
				PRODUCT_NAME = "$(TARGET_NAME)";
				SWIFT_EMIT_LOC_STRINGS = NO;
				SWIFT_VERSION = 5.0;
				TARGETED_DEVICE_FAMILY = "1,2";
				TEST_HOST = "$(BUILT_PRODUCTS_DIR)/MeMind.app/$(BUNDLE_EXECUTABLE_FOLDER_PATH)/MeMind";
			};
			name = Debug;
		};
		6679145829A577B200188FF4 /* Release */ = {
			isa = XCBuildConfiguration;
			baseConfigurationReference = 82DC57A50C672E7D654BD117 /* Pods-MeMindTests.release.xcconfig */;
			buildSettings = {
				ALWAYS_EMBED_SWIFT_STANDARD_LIBRARIES = YES;
				BUNDLE_LOADER = "$(TEST_HOST)";
				CODE_SIGN_STYLE = Automatic;
				CURRENT_PROJECT_VERSION = 1;
				GENERATE_INFOPLIST_FILE = YES;
				IPHONEOS_DEPLOYMENT_TARGET = 16.2;
				MARKETING_VERSION = 1.0;
				PRODUCT_BUNDLE_IDENTIFIER = CS125.MeMindTests;
				PRODUCT_NAME = "$(TARGET_NAME)";
				SWIFT_EMIT_LOC_STRINGS = NO;
				SWIFT_VERSION = 5.0;
				TARGETED_DEVICE_FAMILY = "1,2";
				TEST_HOST = "$(BUILT_PRODUCTS_DIR)/MeMind.app/$(BUNDLE_EXECUTABLE_FOLDER_PATH)/MeMind";
			};
			name = Release;
		};
		6679145A29A577B200188FF4 /* Debug */ = {
			isa = XCBuildConfiguration;
			baseConfigurationReference = 4F02B9D75137D0B1D9A0F2A6 /* Pods-MeMind-MeMindUITests.debug.xcconfig */;
			buildSettings = {
				ALWAYS_EMBED_SWIFT_STANDARD_LIBRARIES = YES;
				CODE_SIGN_STYLE = Automatic;
				CURRENT_PROJECT_VERSION = 1;
				GENERATE_INFOPLIST_FILE = YES;
				MARKETING_VERSION = 1.0;
				PRODUCT_BUNDLE_IDENTIFIER = CS125.MeMindUITests;
				PRODUCT_NAME = "$(TARGET_NAME)";
				SWIFT_EMIT_LOC_STRINGS = NO;
				SWIFT_VERSION = 5.0;
				TARGETED_DEVICE_FAMILY = "1,2";
				TEST_TARGET_NAME = MeMind;
			};
			name = Debug;
		};
		6679145B29A577B200188FF4 /* Release */ = {
			isa = XCBuildConfiguration;
			baseConfigurationReference = B0F7CC8A9B925741965AEF55 /* Pods-MeMind-MeMindUITests.release.xcconfig */;
			buildSettings = {
				ALWAYS_EMBED_SWIFT_STANDARD_LIBRARIES = YES;
				CODE_SIGN_STYLE = Automatic;
				CURRENT_PROJECT_VERSION = 1;
				GENERATE_INFOPLIST_FILE = YES;
				MARKETING_VERSION = 1.0;
				PRODUCT_BUNDLE_IDENTIFIER = CS125.MeMindUITests;
				PRODUCT_NAME = "$(TARGET_NAME)";
				SWIFT_EMIT_LOC_STRINGS = NO;
				SWIFT_VERSION = 5.0;
				TARGETED_DEVICE_FAMILY = "1,2";
				TEST_TARGET_NAME = MeMind;
			};
			name = Release;
		};
/* End XCBuildConfiguration section */

/* Begin XCConfigurationList section */
		6679142A29A577B100188FF4 /* Build configuration list for PBXProject "MeMind" */ = {
			isa = XCConfigurationList;
			buildConfigurations = (
				6679145129A577B200188FF4 /* Debug */,
				6679145229A577B200188FF4 /* Release */,
			);
			defaultConfigurationIsVisible = 0;
			defaultConfigurationName = Release;
		};
		6679145329A577B200188FF4 /* Build configuration list for PBXNativeTarget "MeMind" */ = {
			isa = XCConfigurationList;
			buildConfigurations = (
				6679145429A577B200188FF4 /* Debug */,
				6679145529A577B200188FF4 /* Release */,
			);
			defaultConfigurationIsVisible = 0;
			defaultConfigurationName = Release;
		};
		6679145629A577B200188FF4 /* Build configuration list for PBXNativeTarget "MeMindTests" */ = {
			isa = XCConfigurationList;
			buildConfigurations = (
				6679145729A577B200188FF4 /* Debug */,
				6679145829A577B200188FF4 /* Release */,
			);
			defaultConfigurationIsVisible = 0;
			defaultConfigurationName = Release;
		};
		6679145929A577B200188FF4 /* Build configuration list for PBXNativeTarget "MeMindUITests" */ = {
			isa = XCConfigurationList;
			buildConfigurations = (
				6679145A29A577B200188FF4 /* Debug */,
				6679145B29A577B200188FF4 /* Release */,
			);
			defaultConfigurationIsVisible = 0;
			defaultConfigurationName = Release;
		};
/* End XCConfigurationList section */

/* Begin XCRemoteSwiftPackageReference section */
		6679147029A83E1200188FF4 /* XCRemoteSwiftPackageReference "firebase-ios-sdk" */ = {
			isa = XCRemoteSwiftPackageReference;
			repositoryURL = "https://github.com/firebase/firebase-ios-sdk";
			requirement = {
				kind = upToNextMajorVersion;
				minimumVersion = 9.0.0;
			};
		};
/* End XCRemoteSwiftPackageReference section */

/* Begin XCSwiftPackageProductDependency section */
		6679147129A83E1200188FF4 /* FirebaseAnalytics */ = {
			isa = XCSwiftPackageProductDependency;
			package = 6679147029A83E1200188FF4 /* XCRemoteSwiftPackageReference "firebase-ios-sdk" */;
			productName = FirebaseAnalytics;
		};
		6679147329A83E1200188FF4 /* FirebaseAuth */ = {
			isa = XCSwiftPackageProductDependency;
			package = 6679147029A83E1200188FF4 /* XCRemoteSwiftPackageReference "firebase-ios-sdk" */;
			productName = FirebaseAuth;
		};
		6679147529A83E1200188FF4 /* FirebaseDatabase */ = {
			isa = XCSwiftPackageProductDependency;
			package = 6679147029A83E1200188FF4 /* XCRemoteSwiftPackageReference "firebase-ios-sdk" */;
			productName = FirebaseDatabase;
		};
		6679147729A83E1200188FF4 /* FirebaseStorage */ = {
			isa = XCSwiftPackageProductDependency;
			package = 6679147029A83E1200188FF4 /* XCRemoteSwiftPackageReference "firebase-ios-sdk" */;
			productName = FirebaseStorage;
		};
		6679148629A9BC8800188FF4 /* FirebaseFirestore */ = {
			isa = XCSwiftPackageProductDependency;
			package = 6679147029A83E1200188FF4 /* XCRemoteSwiftPackageReference "firebase-ios-sdk" */;
			productName = FirebaseFirestore;
		};
/* End XCSwiftPackageProductDependency section */
	};
	rootObject = 6679142729A577B100188FF4 /* Project object */;
}
